
Microsoft Visual Studio Solution File, Format Version 12.00
# Visual Studio Version 16
VisualStudioVersion = 16.0.30114.105
MinimumVisualStudioVersion = 10.0.40219.1
Project("{FAE04EC0-301F-11D3-BF4B-00C04F79EFBC}") = "OracleApiServer", "OracleApiServer\OracleApiServer.csproj", "{0E854A0C-AFA5-44D3-831C-43B2C32B02EB}"
EndProject
Project("{FAE04EC0-301F-11D3-BF4B-00C04F79EFBC}") = "OracleApiServer.Database", "OracleApiServer.Database\OracleApiServer.Database.csproj", "{10442518-1327-4E5A-9F5D-9188AB153BE8}"
EndProject
Project("{FAE04EC0-301F-11D3-BF4B-00C04F79EFBC}") = "OracleApiServer.Utilities", "OracleApiServer.Utilities\OracleApiServer.Utilities.csproj", "{271C8CB5-4A2C-481C-8FEA-1EAE97A911EF}"
EndProject
Global
	GlobalSection(SolutionConfigurationPlatforms) = preSolution
		Debug|Any CPU = Debug|Any CPU
		Release|Any CPU = Release|Any CPU
	EndGlobalSection
	GlobalSection(SolutionProperties) = preSolution
		HideSolutionNode = FALSE
	EndGlobalSection
	GlobalSection(ProjectConfigurationPlatforms) = postSolution
		{0E854A0C-AFA5-44D3-831C-43B2C32B02EB}.Debug|Any CPU.ActiveCfg = Debug|Any CPU
		{0E854A0C-AFA5-44D3-831C-43B2C32B02EB}.Debug|Any CPU.Build.0 = Debug|Any CPU
		{0E854A0C-AFA5-44D3-831C-43B2C32B02EB}.Release|Any CPU.ActiveCfg = Release|Any CPU
		{0E854A0C-AFA5-44D3-831C-43B2C32B02EB}.Release|Any CPU.Build.0 = Release|Any CPU
		{10442518-1327-4E5A-9F5D-9188AB153BE8}.Debug|Any CPU.ActiveCfg = Debug|Any CPU
		{10442518-1327-4E5A-9F5D-9188AB153BE8}.Debug|Any CPU.Build.0 = Debug|Any CPU
		{10442518-1327-4E5A-9F5D-9188AB153BE8}.Release|Any CPU.ActiveCfg = Release|Any CPU
		{10442518-1327-4E5A-9F5D-9188AB153BE8}.Release|Any CPU.Build.0 = Release|Any CPU
		{271C8CB5-4A2C-481C-8FEA-1EAE97A911EF}.Debug|Any CPU.ActiveCfg = Debug|Any CPU
		{271C8CB5-4A2C-481C-8FEA-1EAE97A911EF}.Debug|Any CPU.Build.0 = Debug|Any CPU
		{271C8CB5-4A2C-481C-8FEA-1EAE97A911EF}.Release|Any CPU.ActiveCfg = Release|Any CPU
		{271C8CB5-4A2C-481C-8FEA-1EAE97A911EF}.Release|Any CPU.Build.0 = Release|Any CPU
	EndGlobalSection
EndGlobal
